PODS:
  - Expecta (1.0.6)
  - pixalate-ios-sdk (0.1.0)
  - Specta (1.0.7)

DEPENDENCIES:
  - Expecta
  - pixalate-ios-sdk (from `../`)
  - Specta

SPEC REPOS:
  https://github.com/cocoapods/specs.git:
    - Expecta
    - Specta

EXTERNAL SOURCES:
  pixalate-ios-sdk:
    :path: "../"

SPEC CHECKSUMS:
  Expecta: 3b6bd90a64b9a1dcb0b70aa0e10a7f8f631667d5
  pixalate-ios-sdk: a4c95c0add81c4b0bcccf032d2729f8452a2c700
  Specta: 3e1bd89c3517421982dc4d1c992503e48bd5fe66

PODFILE CHECKSUM: 0248d0095a3f60caac041737ccb6dd3b6e613ddf

COCOAPODS: 1.6.1
